
Microsoft Visual Studio Solution File, Format Version 12.00
# Visual Studio Version 16
VisualStudioVersion = 16.0.31112.23
MinimumVisualStudioVersion = 10.0.40219.1
Project("{FAE04EC0-301F-11D3-BF4B-00C04F79EFBC}") = "Supermarket", "Supermarket.csproj", "{0978724F-77C5-4834-9DF2-5D34FEBC5ADA}"
EndProject
Global
	GlobalSection(SolutionConfigurationPlatforms) = preSolution
		Debug|Any CPU = Debug|Any CPU
		Release|Any CPU = Release|Any CPU
	EndGlobalSection
	GlobalSection(ProjectConfigurationPlatforms) = postSolution
		{0978724F-77C5-4834-9DF2-5D34FEBC5ADA}.Debug|Any CPU.ActiveCfg = Debug|Any CPU
		{0978724F-77C5-4834-9DF2-5D34FEBC5ADA}.Debug|Any CPU.Build.0 = Debug|Any CPU
		{0978724F-77C5-4834-9DF2-5D34FEBC5ADA}.Release|Any CPU.ActiveCfg = Release|Any CPU
		{0978724F-77C5-4834-9DF2-5D34FEBC5ADA}.Release|Any CPU.Build.0 = Release|Any CPU
	EndGlobalSection
	GlobalSection(SolutionProperties) = preSolution
		HideSolutionNode = FALSE
	EndGlobalSection
	GlobalSection(ExtensibilityGlobals) = postSolution
		SolutionGuid = {F8E24431-F447-467C-A14F-75320A9B68CF}
	EndGlobalSection
EndGlobal
